// !$*UTF8*$!
{
	archiveVersion = 1;
	classes = {
	};
	objectVersion = 46;
	objects = {

/* Begin PBXBuildFile section */
		18FA6DE31F414F5500D90A23 /* main.m in Sources */ = {isa = PBXBuildFile; fileRef = 18FA6DE21F414F5500D90A23 /* main.m */; };
		18FA6DE61F414F5500D90A23 /* AppDelegate.m in Sources */ = {isa = PBXBuildFile; fileRef = 18FA6DE51F414F5500D90A23 /* AppDelegate.m */; };
		18FA6DE91F414F5500D90A23 /* ViewController.m in Sources */ = {isa = PBXBuildFile; fileRef = 18FA6DE81F414F5500D90A23 /* ViewController.m */; };
		18FA6DEC1F414F5500D90A23 /* Main.storyboard in Resources */ = {isa = PBXBuildFile; fileRef = 18FA6DEA1F414F5500D90A23 /* Main.storyboard */; };
		18FA6DEE1F414F5500D90A23 /* Assets.xcassets in Resources */ = {isa = PBXBuildFile; fileRef = 18FA6DED1F414F5500D90A23 /* Assets.xcassets */; };
		18FA6DF11F414F5500D90A23 /* LaunchScreen.storyboard in Resources */ = {isa = PBXBuildFile; fileRef = 18FA6DEF1F414F5500D90A23 /* LaunchScreen.storyboard */; };
		18FA6DFC1F414F5600D90A23 /* TamNavAlertViewDemoTests.m in Sources */ = {isa = PBXBuildFile; fileRef = 18FA6DFB1F414F5600D90A23 /* TamNavAlertViewDemoTests.m */; };
		18FA6E071F414F5600D90A23 /* TamNavAlertViewDemoUITests.m in Sources */ = {isa = PBXBuildFile; fileRef = 18FA6E061F414F5600D90A23 /* TamNavAlertViewDemoUITests.m */; };
		18FA6E171F414FBB00D90A23 /* TamNavAlertView.m in Sources */ = {isa = PBXBuildFile; fileRef = 18FA6E161F414FBB00D90A23 /* TamNavAlertView.m */; };
/* End PBXBuildFile section */

/* Begin PBXContainerItemProxy section */
		18FA6DF81F414F5600D90A23 /* PBXContainerItemProxy */ = {
			isa = PBXContainerItemProxy;
			containerPortal = 18FA6DD61F414F5500D90A23 /* Project object */;
			proxyType = 1;
			remoteGlobalIDString = 18FA6DDD1F414F5500D90A23;
			remoteInfo = TamNavAlertViewDemo;
		};
		18FA6E031F414F5600D90A23 /* PBXContainerItemProxy */ = {
			isa = PBXContainerItemProxy;
			containerPortal = 18FA6DD61F414F5500D90A23 /* Project object */;
			proxyType = 1;
			remoteGlobalIDString = 18FA6DDD1F414F5500D90A23;
			remoteInfo = TamNavAlertViewDemo;
		};
/* End PBXContainerItemProxy section */

/* Begin PBXFileReference section */
		18FA6DDE1F414F5500D90A23 /* TamNavAlertViewDemo.app */ = {isa = PBXFileReference; explicitFileType = wrapper.application; includeInIndex = 0; path = TamNavAlertViewDemo.app; sourceTree = BUILT_PRODUCTS_DIR; };
		18FA6DE21F414F5500D90A23 /* main.m */ = {isa = PBXFileReference; lastKnownFileType = sourcecode.c.objc; path = main.m; sourceTree = "<group>"; };
		18FA6DE41F414F5500D90A23 /* AppDelegate.h */ = {isa = PBXFileReference; lastKnownFileType = sourcecode.c.h; path = AppDelegate.h; sourceTree = "<group>"; };
		18FA6DE51F414F5500D90A23 /* AppDelegate.m */ = {isa = PBXFileReference; lastKnownFileType = sourcecode.c.objc; path = AppDelegate.m; sourceTree = "<group>"; };
		18FA6DE71F414F5500D90A23 /* ViewController.h */ = {isa = PBXFileReference; lastKnownFileType = sourcecode.c.h; path = ViewController.h; sourceTree = "<group>"; };
		18FA6DE81F414F5500D90A23 /* ViewController.m */ = {isa = PBXFileReference; lastKnownFileType = sourcecode.c.objc; path = ViewController.m; sourceTree = "<group>"; };
		18FA6DEB1F414F5500D90A23 /* Base */ = {isa = PBXFileReference; lastKnownFileType = file.storyboard; name = Base; path = Base.lproj/Main.storyboard; sourceTree = "<group>"; };
		18FA6DED1F414F5500D90A23 /* Assets.xcassets */ = {isa = PBXFileReference; lastKnownFileType = folder.assetcatalog; path = Assets.xcassets; sourceTree = "<group>"; };
		18FA6DF01F414F5500D90A23 /* Base */ = {isa = PBXFileReference; lastKnownFileType = file.storyboard; name = Base; path = Base.lproj/LaunchScreen.storyboard; sourceTree = "<group>"; };
		18FA6DF21F414F5500D90A23 /* Info.plist */ = {isa = PBXFileReference; lastKnownFileType = text.plist.xml; path = Info.plist; sourceTree = "<group>"; };
		18FA6DF71F414F5600D90A23 /* TamNavAlertViewDemoTests.xctest */ = {isa = PBXFileReference; explicitFileType = wrapper.cfbundle; includeInIndex = 0; path = TamNavAlertViewDemoTests.xctest; sourceTree = BUILT_PRODUCTS_DIR; };
		18FA6DFB1F414F5600D90A23 /* TamNavAlertViewDemoTests.m */ = {isa = PBXFileReference; lastKnownFileType = sourcecode.c.objc; path = TamNavAlertViewDemoTests.m; sourceTree = "<group>"; };
		18FA6DFD1F414F5600D90A23 /* Info.plist */ = {isa = PBXFileReference; lastKnownFileType = text.plist.xml; path = Info.plist; sourceTree = "<group>"; };
		18FA6E021F414F5600D90A23 /* TamNavAlertViewDemoUITests.xctest */ = {isa = PBXFileReference; explicitFileType = wrapper.cfbundle; includeInIndex = 0; path = TamNavAlertViewDemoUITests.xctest; sourceTree = BUILT_PRODUCTS_DIR; };
		18FA6E061F414F5600D90A23 /* TamNavAlertViewDemoUITests.m */ = {isa = PBXFileReference; lastKnownFileType = sourcecode.c.objc; path = TamNavAlertViewDemoUITests.m; sourceTree = "<group>"; };
		18FA6E081F414F5600D90A23 /* Info.plist */ = {isa = PBXFileReference; lastKnownFileType = text.plist.xml; path = Info.plist; sourceTree = "<group>"; };
		18FA6E151F414FBB00D90A23 /* TamNavAlertView.h */ = {isa = PBXFileReference; fileEncoding = 4; lastKnownFileType = sourcecode.c.h; path = TamNavAlertView.h; sourceTree = "<group>"; };
		18FA6E161F414FBB00D90A23 /* TamNavAlertView.m */ = {isa = PBXFileReference; fileEncoding = 4; lastKnownFileType = sourcecode.c.objc; path = TamNavAlertView.m; sourceTree = "<group>"; };
/* End PBXFileReference section */

/* Begin PBXFrameworksBuildPhase section */
		18FA6DDB1F414F5500D90A23 /* Frameworks */ = {
			isa = PBXFrameworksBuildPhase;
			buildActionMask = 2147483647;
			files = (
			);
			runOnlyForDeploymentPostprocessing = 0;
		};
		18FA6DF41F414F5600D90A23 /* Frameworks */ = {
			isa = PBXFrameworksBuildPhase;
			buildActionMask = 2147483647;
			files = (
			);
			runOnlyForDeploymentPostprocessing = 0;
		};
		18FA6DFF1F414F5600D90A23 /* Frameworks */ = {
			isa = PBXFrameworksBuildPhase;
			buildActionMask = 2147483647;
			files = (
			);
			runOnlyForDeploymentPostprocessing = 0;
		};
/* End PBXFrameworksBuildPhase section */

/* Begin PBXGroup section */
		18FA6DD51F414F5500D90A23 = {
			isa = PBXGroup;
			children = (
				18FA6DE01F414F5500D90A23 /* TamNavAlertViewDemo */,
				18FA6DFA1F414F5600D90A23 /* TamNavAlertViewDemoTests */,
				18FA6E051F414F5600D90A23 /* TamNavAlertViewDemoUITests */,
				18FA6DDF1F414F5500D90A23 /* Products */,
			);
			sourceTree = "<group>";
		};
		18FA6DDF1F414F5500D90A23 /* Products */ = {
			isa = PBXGroup;
			children = (
				18FA6DDE1F414F5500D90A23 /* TamNavAlertViewDemo.app */,
				18FA6DF71F414F5600D90A23 /* TamNavAlertViewDemoTests.xctest */,
				18FA6E021F414F5600D90A23 /* TamNavAlertViewDemoUITests.xctest */,
			);
			name = Products;
			sourceTree = "<group>";
		};
		18FA6DE01F414F5500D90A23 /* TamNavAlertViewDemo */ = {
			isa = PBXGroup;
			children = (
				18FA6E141F414FA100D90A23 /* TamNavAlertView */,
				18FA6DE41F414F5500D90A23 /* AppDelegate.h */,
				18FA6DE51F414F5500D90A23 /* AppDelegate.m */,
				18FA6DE71F414F5500D90A23 /* ViewController.h */,
				18FA6DE81F414F5500D90A23 /* ViewController.m */,
				18FA6DEA1F414F5500D90A23 /* Main.storyboard */,
				18FA6DED1F414F5500D90A23 /* Assets.xcassets */,
				18FA6DEF1F414F5500D90A23 /* LaunchScreen.storyboard */,
				18FA6DF21F414F5500D90A23 /* Info.plist */,
				18FA6DE11F414F5500D90A23 /* Supporting Files */,
			);
			path = TamNavAlertViewDemo;
			sourceTree = "<group>";
		};
		18FA6DE11F414F5500D90A23 /* Supporting Files */ = {
			isa = PBXGroup;
			children = (
				18FA6DE21F414F5500D90A23 /* main.m */,
			);
			name = "Supporting Files";
			sourceTree = "<group>";
		};
		18FA6DFA1F414F5600D90A23 /* TamNavAlertViewDemoTests */ = {
			isa = PBXGroup;
			children = (
				18FA6DFB1F414F5600D90A23 /* TamNavAlertViewDemoTests.m */,
				18FA6DFD1F414F5600D90A23 /* Info.plist */,
			);
			path = TamNavAlertViewDemoTests;
			sourceTree = "<group>";
		};
		18FA6E051F414F5600D90A23 /* TamNavAlertViewDemoUITests */ = {
			isa = PBXGroup;
			children = (
				18FA6E061F414F5600D90A23 /* TamNavAlertViewDemoUITests.m */,
				18FA6E081F414F5600D90A23 /* Info.plist */,
			);
			path = TamNavAlertViewDemoUITests;
			sourceTree = "<group>";
		};
		18FA6E141F414FA100D90A23 /* TamNavAlertView */ = {
			isa = PBXGroup;
			children = (
				18FA6E151F414FBB00D90A23 /* TamNavAlertView.h */,
				18FA6E161F414FBB00D90A23 /* TamNavAlertView.m */,
			);
			path = TamNavAlertView;
			sourceTree = "<group>";
		};
/* End PBXGroup section */

/* Begin PBXNativeTarget section */
		18FA6DDD1F414F5500D90A23 /* TamNavAlertViewDemo */ = {
			isa = PBXNativeTarget;
			buildConfigurationList = 18FA6E0B1F414F5600D90A23 /* Build configuration list for PBXNativeTarget "TamNavAlertViewDemo" */;
			buildPhases = (
				18FA6DDA1F414F5500D90A23 /* Sources */,
				18FA6DDB1F414F5500D90A23 /* Frameworks */,
				18FA6DDC1F414F5500D90A23 /* Resources */,
			);
			buildRules = (
			);
			dependencies = (
			);
			name = TamNavAlertViewDemo;
			productName = TamNavAlertViewDemo;
			productReference = 18FA6DDE1F414F5500D90A23 /* TamNavAlertViewDemo.app */;
			productType = "com.apple.product-type.application";
		};
		18FA6DF61F414F5600D90A23 /* TamNavAlertViewDemoTests */ = {
			isa = PBXNativeTarget;
			buildConfigurationList = 18FA6E0E1F414F5600D90A23 /* Build configuration list for PBXNativeTarget "TamNavAlertViewDemoTests" */;
			buildPhases = (
				18FA6DF31F414F5600D90A23 /* Sources */,
				18FA6DF41F414F5600D90A23 /* Frameworks */,
				18FA6DF51F414F5600D90A23 /* Resources */,
			);
			buildRules = (
			);
			dependencies = (
				18FA6DF91F414F5600D90A23 /* PBXTargetDependency */,
			);
			name = TamNavAlertViewDemoTests;
			productName = TamNavAlertViewDemoTests;
			productReference = 18FA6DF71F414F5600D90A23 /* TamNavAlertViewDemoTests.xctest */;
			productType = "com.apple.product-type.bundle.unit-test";
		};
		18FA6E011F414F5600D90A23 /* TamNavAlertViewDemoUITests */ = {
			isa = PBXNativeTarget;
			buildConfigurationList = 18FA6E111F414F5600D90A23 /* Build configuration list for PBXNativeTarget "TamNavAlertViewDemoUITests" */;
			buildPhases = (
				18FA6DFE1F414F5600D90A23 /* Sources */,
				18FA6DFF1F414F5600D90A23 /* Frameworks */,
				18FA6E001F414F5600D90A23 /* Resources */,
			);
			buildRules = (
			);
			dependencies = (
				18FA6E041F414F5600D90A23 /* PBXTargetDependency */,
			);
			name = TamNavAlertViewDemoUITests;
			productName = TamNavAlertViewDemoUITests;
			productReference = 18FA6E021F414F5600D90A23 /* TamNavAlertViewDemoUITests.xctest */;
			productType = "com.apple.product-type.bundle.ui-testing";
		};
/* End PBXNativeTarget section */

/* Begin PBXProject section */
		18FA6DD61F414F5500D90A23 /* Project object */ = {
			isa = PBXProject;
			attributes = {
				LastUpgradeCheck = 0820;
				ORGANIZATIONNAME = "涂怀安";
				TargetAttributes = {
					18FA6DDD1F414F5500D90A23 = {
						CreatedOnToolsVersion = 8.2.1;
						DevelopmentTeam = 975CCKKA59;
						ProvisioningStyle = Automatic;
					};
					18FA6DF61F414F5600D90A23 = {
						CreatedOnToolsVersion = 8.2.1;
						DevelopmentTeam = 975CCKKA59;
						ProvisioningStyle = Automatic;
						TestTargetID = 18FA6DDD1F414F5500D90A23;
					};
					18FA6E011F414F5600D90A23 = {
						CreatedOnToolsVersion = 8.2.1;
						DevelopmentTeam = 975CCKKA59;
						ProvisioningStyle = Automatic;
						TestTargetID = 18FA6DDD1F414F5500D90A23;
					};
				};
			};
			buildConfigurationList = 18FA6DD91F414F5500D90A23 /* Build configuration list for PBXProject "TamNavAlertViewDemo" */;
			compatibilityVersion = "Xcode 3.2";
			developmentRegion = English;
			hasScannedForEncodings = 0;
			knownRegions = (
				en,
				Base,
			);
			mainGroup = 18FA6DD51F414F5500D90A23;
			productRefGroup = 18FA6DDF1F414F5500D90A23 /* Products */;
			projectDirPath = "";
			projectRoot = "";
			targets = (
				18FA6DDD1F414F5500D90A23 /* TamNavAlertViewDemo */,
				18FA6DF61F414F5600D90A23 /* TamNavAlertViewDemoTests */,
				18FA6E011F414F5600D90A23 /* TamNavAlertViewDemoUITests */,
			);
		};
/* End PBXProject section */

/* Begin PBXResourcesBuildPhase section */
		18FA6DDC1F414F5500D90A23 /* Resources */ = {
			isa = PBXResourcesBuildPhase;
			buildActionMask = 2147483647;
			files = (
				18FA6DF11F414F5500D90A23 /* LaunchScreen.storyboard in Resources */,
				18FA6DEE1F414F5500D90A23 /* Assets.xcassets in Resources */,
				18FA6DEC1F414F5500D90A23 /* Main.storyboard in Resources */,
			);
			runOnlyForDeploymentPostprocessing = 0;
		};
		18FA6DF51F414F5600D90A23 /* Resources */ = {
			isa = PBXResourcesBuildPhase;
			buildActionMask = 2147483647;
			files = (
			);
			runOnlyForDeploymentPostprocessing = 0;
		};
		18FA6E001F414F5600D90A23 /* Resources */ = {
			isa = PBXResourcesBuildPhase;
			buildActionMask = 2147483647;
			files = (
			);
			runOnlyForDeploymentPostprocessing = 0;
		};
/* End PBXResourcesBuildPhase section */

/* Begin PBXSourcesBuildPhase section */
		18FA6DDA1F414F5500D90A23 /* Sources */ = {
			isa = PBXSourcesBuildPhase;
			buildActionMask = 2147483647;
			files = (
				18FA6DE91F414F5500D90A23 /* ViewController.m in Sources */,
				18FA6DE61F414F5500D90A23 /* AppDelegate.m in Sources */,
				18FA6E171F414FBB00D90A23 /* TamNavAlertView.m in Sources */,
				18FA6DE31F414F5500D90A23 /* main.m in Sources */,
			);
			runOnlyForDeploymentPostprocessing = 0;
		};
		18FA6DF31F414F5600D90A23 /* Sources */ = {
			isa = PBXSourcesBuildPhase;
			buildActionMask = 2147483647;
			files = (
				18FA6DFC1F414F5600D90A23 /* TamNavAlertViewDemoTests.m in Sources */,
			);
			runOnlyForDeploymentPostprocessing = 0;
		};
		18FA6DFE1F414F5600D90A23 /* Sources */ = {
			isa = PBXSourcesBuildPhase;
			buildActionMask = 2147483647;
			files = (
				18FA6E071F414F5600D90A23 /* TamNavAlertViewDemoUITests.m in Sources */,
			);
			runOnlyForDeploymentPostprocessing = 0;
		};
/* End PBXSourcesBuildPhase section */

/* Begin PBXTargetDependency section */
		18FA6DF91F414F5600D90A23 /* PBXTargetDependency */ = {
			isa = PBXTargetDependency;
			target = 18FA6DDD1F414F5500D90A23 /* TamNavAlertViewDemo */;
			targetProxy = 18FA6DF81F414F5600D90A23 /* PBXContainerItemProxy */;
		};
		18FA6E041F414F5600D90A23 /* PBXTargetDependency */ = {
			isa = PBXTargetDependency;
			target = 18FA6DDD1F414F5500D90A23 /* TamNavAlertViewDemo */;
			targetProxy = 18FA6E031F414F5600D90A23 /* PBXContainerItemProxy */;
		};
/* End PBXTargetDependency section */

/* Begin PBXVariantGroup section */
		18FA6DEA1F414F5500D90A23 /* Main.storyboard */ = {
			isa = PBXVariantGroup;
			children = (
				18FA6DEB1F414F5500D90A23 /* Base */,
			);
			name = Main.storyboard;
			sourceTree = "<group>";
		};
		18FA6DEF1F414F5500D90A23 /* LaunchScreen.storyboard */ = {
			isa = PBXVariantGroup;
			children = (
				18FA6DF01F414F5500D90A23 /* Base */,
			);
			name = LaunchScreen.storyboard;
			sourceTree = "<group>";
		};
/* End PBXVariantGroup section */

/* Begin XCBuildConfiguration section */
		18FA6E091F414F5600D90A23 /* Debug */ = {
			isa = XCBuildConfiguration;
			buildSettings = {
				ALWAYS_SEARCH_USER_PATHS = NO;
				CLANG_ANALYZER_NONNULL = YES;
				CLANG_CXX_LANGUAGE_STANDARD = "gnu++0x";
				CLANG_CXX_LIBRARY = "libc++";
				CLANG_ENABLE_MODULES = YES;
				CLANG_ENABLE_OBJC_ARC = YES;
				CLANG_WARN_BOOL_CONVERSION = YES;
				CLANG_WARN_CONSTANT_CONVERSION = YES;
				CLANG_WARN_DIRECT_OBJC_ISA_USAGE = YES_ERROR;
				CLANG_WARN_DOCUMENTATION_COMMENTS = YES;
				CLANG_WARN_EMPTY_BODY = YES;
				CLANG_WARN_ENUM_CONVERSION = YES;
				CLANG_WARN_INFINITE_RECURSION = YES;
				CLANG_WARN_INT_CONVERSION = YES;
				CLANG_WARN_OBJC_ROOT_CLASS = YES_ERROR;
				CLANG_WARN_SUSPICIOUS_MOVE = YES;
				CLANG_WARN_UNREACHABLE_CODE = YES;
				CLANG_WARN__DUPLICATE_METHOD_MATCH = YES;
				"CODE_SIGN_IDENTITY[sdk=iphoneos*]" = "iPhone Developer";
				COPY_PHASE_STRIP = NO;
				DEBUG_INFORMATION_FORMAT = dwarf;
				ENABLE_STRICT_OBJC_MSGSEND = YES;
				ENABLE_TESTABILITY = YES;
				GCC_C_LANGUAGE_STANDARD = gnu99;
				GCC_DYNAMIC_NO_PIC = NO;
				GCC_NO_COMMON_BLOCKS = YES;
				GCC_OPTIMIZATION_LEVEL = 0;
				GCC_PREPROCESSOR_DEFINITIONS = (
					"DEBUG=1",
					"$(inherited)",
				);
				GCC_WARN_64_TO_32_BIT_CONVERSION = YES;
				GCC_WARN_ABOUT_RETURN_TYPE = YES_ERROR;
				GCC_WARN_UNDECLARED_SELECTOR = YES;
				GCC_WARN_UNINITIALIZED_AUTOS = YES_AGGRESSIVE;
				GCC_WARN_UNUSED_FUNCTION = YES;
				GCC_WARN_UNUSED_VARIABLE = YES;
				IPHONEOS_DEPLOYMENT_TARGET = 10.2;
				MTL_ENABLE_DEBUG_INFO = YES;
				ONLY_ACTIVE_ARCH = YES;
				SDKROOT = iphoneos;
			};
			name = Debug;
		};
		18FA6E0A1F414F5600D90A23 /* Release */ = {
			isa = XCBuildConfiguration;
			buildSettings = {
				ALWAYS_SEARCH_USER_PATHS = NO;
				CLANG_ANALYZER_NONNULL = YES;
				CLANG_CXX_LANGUAGE_STANDARD = "gnu++0x";
				CLANG_CXX_LIBRARY = "libc++";
				CLANG_ENABLE_MODULES = YES;
				CLANG_ENABLE_OBJC_ARC = YES;
				CLANG_WARN_BOOL_CONVERSION = YES;
				CLANG_WARN_CONSTANT_CONVERSION = YES;
				CLANG_WARN_DIRECT_OBJC_ISA_USAGE = YES_ERROR;
				CLANG_WARN_DOCUMENTATION_COMMENTS = YES;
				CLANG_WARN_EMPTY_BODY = YES;
				CLANG_WARN_ENUM_CONVERSION = YES;
				CLANG_WARN_INFINITE_RECURSION = YES;
				CLANG_WARN_INT_CONVERSION = YES;
				CLANG_WARN_OBJC_ROOT_CLASS = YES_ERROR;
				CLANG_WARN_SUSPICIOUS_MOVE = YES;
				CLANG_WARN_UNREACHABLE_CODE = YES;
				CLANG_WARN__DUPLICATE_METHOD_MATCH = YES;
				"CODE_SIGN_IDENTITY[sdk=iphoneos*]" = "iPhone Developer";
				COPY_PHASE_STRIP = NO;
				DEBUG_INFORMATION_FORMAT = "dwarf-with-dsym";
				ENABLE_NS_ASSERTIONS = NO;
				ENABLE_STRICT_OBJC_MSGSEND = YES;
				GCC_C_LANGUAGE_STANDARD = gnu99;
				GCC_NO_COMMON_BLOCKS = YES;
				GCC_WARN_64_TO_32_BIT_CONVERSION = YES;
				GCC_WARN_ABOUT_RETURN_TYPE = YES_ERROR;
				GCC_WARN_UNDECLARED_SELECTOR = YES;
				GCC_WARN_UNINITIALIZED_AUTOS = YES_AGGRESSIVE;
				GCC_WARN_UNUSED_FUNCTION = YES;
				GCC_WARN_UNUSED_VARIABLE = YES;
				IPHONEOS_DEPLOYMENT_TARGET = 10.2;
				MTL_ENABLE_DEBUG_INFO = NO;
				SDKROOT = iphoneos;
				VALIDATE_PRODUCT = YES;
			};
			name = Release;
		};
		18FA6E0C1F414F5600D90A23 /* Debug */ = {
			isa = XCBuildConfiguration;
			buildSettings = {
				ASSETCATALOG_COMPILER_APPICON_NAME = AppIcon;
				DEVELOPMENT_TEAM = 975CCKKA59;
				INFOPLIST_FILE = TamNavAlertViewDemo/Info.plist;
				LD_RUNPATH_SEARCH_PATHS = "$(inherited) @executable_path/Frameworks";
				PRODUCT_BUNDLE_IDENTIFIER = com.tam.TamNavAlertViewDemo;
				PRODUCT_NAME = "$(TARGET_NAME)";
			};
			name = Debug;
		};
		18FA6E0D1F414F5600D90A23 /* Release */ = {
			isa = XCBuildConfiguration;
			buildSettings = {
				ASSETCATALOG_COMPILER_APPICON_NAME = AppIcon;
				DEVELOPMENT_TEAM = 975CCKKA59;
				INFOPLIST_FILE = TamNavAlertViewDemo/Info.plist;
				LD_RUNPATH_SEARCH_PATHS = "$(inherited) @executable_path/Frameworks";
				PRODUCT_BUNDLE_IDENTIFIER = com.tam.TamNavAlertViewDemo;
				PRODUCT_NAME = "$(TARGET_NAME)";
			};
			name = Release;
		};
		18FA6E0F1F414F5600D90A23 /* Debug */ = {
			isa = XCBuildConfiguration;
			buildSettings = {
				BUNDLE_LOADER = "$(TEST_HOST)";
				DEVELOPMENT_TEAM = 975CCKKA59;
				INFOPLIST_FILE = TamNavAlertViewDemoTests/Info.plist;
				LD_RUNPATH_SEARCH_PATHS = "$(inherited) @executable_path/Frameworks @loader_path/Frameworks";
				PRODUCT_BUNDLE_IDENTIFIER = com.tam.TamNavAlertViewDemoTests;
				PRODUCT_NAME = "$(TARGET_NAME)";
				TEST_HOST = "$(BUILT_PRODUCTS_DIR)/TamNavAlertViewDemo.app/TamNavAlertViewDemo";
			};
			name = Debug;
		};
		18FA6E101F414F5600D90A23 /* Release */ = {
			isa = XCBuildConfiguration;
			buildSettings = {
				BUNDLE_LOADER = "$(TEST_HOST)";
				DEVELOPMENT_TEAM = 975CCKKA59;
				INFOPLIST_FILE = TamNavAlertViewDemoTests/Info.plist;
				LD_RUNPATH_SEARCH_PATHS = "$(inherited) @executable_path/Frameworks @loader_path/Frameworks";
				PRODUCT_BUNDLE_IDENTIFIER = com.tam.TamNavAlertViewDemoTests;
				PRODUCT_NAME = "$(TARGET_NAME)";
				TEST_HOST = "$(BUILT_PRODUCTS_DIR)/TamNavAlertViewDemo.app/TamNavAlertViewDemo";
			};
			name = Release;
		};
		18FA6E121F414F5600D90A23 /* Debug */ = {
			isa = XCBuildConfiguration;
			buildSettings = {
				DEVELOPMENT_TEAM = 975CCKKA59;
				INFOPLIST_FILE = TamNavAlertViewDemoUITests/Info.plist;
				LD_RUNPATH_SEARCH_PATHS = "$(inherited) @executable_path/Frameworks @loader_path/Frameworks";
				PRODUCT_BUNDLE_IDENTIFIER = com.tam.TamNavAlertViewDemoUITests;
				PRODUCT_NAME = "$(TARGET_NAME)";
				TEST_TARGET_NAME = TamNavAlertViewDemo;
			};
			name = Debug;
		};
		18FA6E131F414F5600D90A23 /* Release */ = {
			isa = XCBuildConfiguration;
			buildSettings = {
				DEVELOPMENT_TEAM = 975CCKKA59;
				INFOPLIST_FILE = TamNavAlertViewDemoUITests/Info.plist;
				LD_RUNPATH_SEARCH_PATHS = "$(inherited) @executable_path/Frameworks @loader_path/Frameworks";
				PRODUCT_BUNDLE_IDENTIFIER = com.tam.TamNavAlertViewDemoUITests;
				PRODUCT_NAME = "$(TARGET_NAME)";
				TEST_TARGET_NAME = TamNavAlertViewDemo;
			};
			name = Release;
		};
/* End XCBuildConfiguration section */

/* Begin XCConfigurationList section */
		18FA6DD91F414F5500D90A23 /* Build configuration list for PBXProject "TamNavAlertViewDemo" */ = {
			isa = XCConfigurationList;
			buildConfigurations = (
				18FA6E091F414F5600D90A23 /* Debug */,
				18FA6E0A1F414F5600D90A23 /* Release */,
			);
			defaultConfigurationIsVisible = 0;
			defaultConfigurationName = Release;
		};
		18FA6E0B1F414F5600D90A23 /* Build configuration list for PBXNativeTarget "TamNavAlertViewDemo" */ = {
			isa = XCConfigurationList;
			buildConfigurations = (
				18FA6E0C1F414F5600D90A23 /* Debug */,
				18FA6E0D1F414F5600D90A23 /* Release */,
			);
			defaultConfigurationIsVisible = 0;
		};
		18FA6E0E1F414F5600D90A23 /* Build configuration list for PBXNativeTarget "TamNavAlertViewDemoTests" */ = {
			isa = XCConfigurationList;
			buildConfigurations = (
				18FA6E0F1F414F5600D90A23 /* Debug */,
				18FA6E101F414F5600D90A23 /* Release */,
			);
			defaultConfigurationIsVisible = 0;
		};
		18FA6E111F414F5600D90A23 /* Build configuration list for PBXNativeTarget "TamNavAlertViewDemoUITests" */ = {
			isa = XCConfigurationList;
			buildConfigurations = (
				18FA6E121F414F5600D90A23 /* Debug */,
				18FA6E131F414F5600D90A23 /* Release */,
			);
			defaultConfigurationIsVisible = 0;
		};
/* End XCConfigurationList section */
	};
	rootObject = 18FA6DD61F414F5500D90A23 /* Project object */;
}
